[[package]]
name = "arc-swap"
version = "0.3.0"
source = "registry+https://github.com/rust-lang/crates.io-index"

[[package]]
name = "gcc"
version = "0.3.54"
source = "registry+https://github.com/rust-lang/crates.io-index"

[[package]]
name = "libc"
version = "0.2.40"
source = "registry+https://github.com/rust-lang/crates.io-index"

[[package]]
name = "lp"
version = "0.1.0"
dependencies = [
 "libc 0.2.40 (registry+https://github.com/rust-lang/crates.io-index)",
 "oping 0.3.3 (registry+https://github.com/rust-lang/crates.io-index)",
 "signal-hook 0.1.3 (registry+https://github.com/rust-lang/crates.io-index)",
]

[[package]]
name = "oping"
version = "0.3.3"
source = "registry+https://github.com/rust-lang/crates.io-index"
dependencies = [
 "gcc 0.3.54 (registry+https://github.com/rust-lang/crates.io-index)",
 "libc 0.2.40 (registry+https://github.com/rust-lang/crates.io-index)",
]

[[package]]
name = "signal-hook"
version = "0.1.3"
source = "registry+https://github.com/rust-lang/crates.io-index"
dependencies = [
 "arc-swap 0.3.0 (registry+https://github.com/rust-lang/crates.io-index)",
 "libc 0.2.40 (registry+https://github.com/rust-lang/crates.io-index)",
]

[metadata]
"checksum arc-swap 0.3.0 (registry+https://github.com/rust-lang/crates.io-index)" = "f753d9b7c861f9f426fdb10479e35ffef7eaa4359d7c3595610645459df8849a"
"checksum gcc 0.3.54 (registry+https://github.com/rust-lang/crates.io-index)" = "5e33ec290da0d127825013597dbdfc28bee4964690c7ce1166cbc2a7bd08b1bb"
"checksum libc 0.2.40 (registry+https://github.com/rust-lang/crates.io-index)" = "6fd41f331ac7c5b8ac259b8bf82c75c0fb2e469bbf37d2becbba9a6a2221965b"
"checksum oping 0.3.3 (registry+https://github.com/rust-lang/crates.io-index)" = "c9800d51dab9ada09da41b9182e62df3bc86493a0386eb321b3d00eab568166f"
"checksum signal-hook 0.1.3 (registry+https://github.com/rust-lang/crates.io-index)" = "e0c1615152c4194dfc35a5be97fba20858527925f87c116d355f2276c3d54460"
